
Microsoft Visual Studio Solution File, Format Version 12.00
# Visual Studio Version 17
VisualStudioVersion = 17.9.34728.123
MinimumVisualStudioVersion = 10.0.40219.1
Project("{F184B08F-C81C-45F6-A57F-5ABD9991F28F}") = "Driving School Software", "Driving School Software\Driving School Software.vbproj", "{5DEB2910-9723-4DF2-B362-A339360D87A4}"
EndProject
Global
	GlobalSection(SolutionConfigurationPlatforms) = preSolution
		Debug|Any CPU = Debug|Any CPU
		Release|Any CPU = Release|Any CPU
	EndGlobalSection
	GlobalSection(ProjectConfigurationPlatforms) = postSolution
		{5DEB2910-9723-4DF2-B362-A339360D87A4}.Debug|Any CPU.ActiveCfg = Debug|Any CPU
		{5DEB2910-9723-4DF2-B362-A339360D87A4}.Debug|Any CPU.Build.0 = Debug|Any CPU
		{5DEB2910-9723-4DF2-B362-A339360D87A4}.Release|Any CPU.ActiveCfg = Release|Any CPU
		{5DEB2910-9723-4DF2-B362-A339360D87A4}.Release|Any CPU.Build.0 = Release|Any CPU
	EndGlobalSection
	GlobalSection(SolutionProperties) = preSolution
		HideSolutionNode = FALSE
	EndGlobalSection
	GlobalSection(ExtensibilityGlobals) = postSolution
		SolutionGuid = {A1215950-883D-41E6-B2BD-D2A4C18A2B2B}
	EndGlobalSection
EndGlobal
